
Microsoft Visual Studio Solution File, Format Version 12.00
# Visual Studio Version 16
VisualStudioVersion = 16.0.31321.278
MinimumVisualStudioVersion = 10.0.40219.1
Project("{9A19103F-16F7-4668-BE54-9A1E7A4F7556}") = "RentForMoment", "RentForMoment\RentForMoment.csproj", "{10850D68-5682-469B-A17F-D89F5AFFFD0C}"
EndProject
Project("{9A19103F-16F7-4668-BE54-9A1E7A4F7556}") = "RentForMoment.Tests", "RentForMoment.Tests\RentForMoment.Tests.csproj", "{7818DB13-33CA-46F4-88C7-6267FCC6981A}"
EndProject
Project("{FAE04EC0-301F-11D3-BF4B-00C04F79EFBC}") = "SignalR", "SignalR\SignalR.csproj", "{C898AE28-4E96-4ADE-A7DB-64A9D4AA2514}"
EndProject
Global
	GlobalSection(SolutionConfigurationPlatforms) = preSolution
		Debug|Any CPU = Debug|Any CPU
		Release|Any CPU = Release|Any CPU
	EndGlobalSection
	GlobalSection(ProjectConfigurationPlatforms) = postSolution
		{10850D68-5682-469B-A17F-D89F5AFFFD0C}.Debug|Any CPU.ActiveCfg = Debug|Any CPU
		{10850D68-5682-469B-A17F-D89F5AFFFD0C}.Debug|Any CPU.Build.0 = Debug|Any CPU
		{10850D68-5682-469B-A17F-D89F5AFFFD0C}.Release|Any CPU.ActiveCfg = Release|Any CPU
		{10850D68-5682-469B-A17F-D89F5AFFFD0C}.Release|Any CPU.Build.0 = Release|Any CPU
		{7818DB13-33CA-46F4-88C7-6267FCC6981A}.Debug|Any CPU.ActiveCfg = Debug|Any CPU
		{7818DB13-33CA-46F4-88C7-6267FCC6981A}.Debug|Any CPU.Build.0 = Debug|Any CPU
		{7818DB13-33CA-46F4-88C7-6267FCC6981A}.Release|Any CPU.ActiveCfg = Release|Any CPU
		{7818DB13-33CA-46F4-88C7-6267FCC6981A}.Release|Any CPU.Build.0 = Release|Any CPU
		{C898AE28-4E96-4ADE-A7DB-64A9D4AA2514}.Debug|Any CPU.ActiveCfg = Debug|Any CPU
		{C898AE28-4E96-4ADE-A7DB-64A9D4AA2514}.Debug|Any CPU.Build.0 = Debug|Any CPU
		{C898AE28-4E96-4ADE-A7DB-64A9D4AA2514}.Release|Any CPU.ActiveCfg = Release|Any CPU
		{C898AE28-4E96-4ADE-A7DB-64A9D4AA2514}.Release|Any CPU.Build.0 = Release|Any CPU
	EndGlobalSection
	GlobalSection(SolutionProperties) = preSolution
		HideSolutionNode = FALSE
	EndGlobalSection
	GlobalSection(ExtensibilityGlobals) = postSolution
		SolutionGuid = {7B2BDBE0-4572-4D21-B98B-2A068BC2926B}
	EndGlobalSection
EndGlobal
